<Solution>
  <Folder Name="/src/">
    <Project Path="src/Planner.AppHost/Planner.AppHost.csproj" />
    <Project Path="src/Planner.Api/Planner.Api.csproj" />
    <Project Path="src/Planner.Client/Planner.Client.csproj" />
    <Project Path="src/Planner.Contracts/Planner.Contracts.csproj" />
    <Project Path="src/Planner.Domain/Planner.Domain.csproj" />
    <Project Path="src/Planner.Infrastructure/Planner.Infrastructure.csproj" />
  </Folder>
</Solution>
